
Microsoft Visual Studio Solution File, Format Version 12.00
# Visual Studio Version 17
VisualStudioVersion = 17.11.35327.3
MinimumVisualStudioVersion = 10.0.40219.1
Project("{2150E333-8FDC-42A3-9474-1A3956D46DE8}") = "Tests", "Tests", "{28577E8B-1A05-4C54-8AE6-96D74A694445}"
EndProject
Project("{9A19103F-16F7-4668-BE54-9A1E7A4F7556}") = "QiitaEditorApp.Modules.ModuleName.Tests", "QiitaEditorApp\Tests\QiitaEditorApp.Modules.ModuleName.Tests\QiitaEditorApp.Modules.ModuleName.Tests.csproj", "{4135E08E-331C-418F-A5CC-702E1DB33EAA}"
EndProject
Project("{2150E333-8FDC-42A3-9474-1A3956D46DE8}") = "Modules", "Modules", "{5D1546CE-3535-45D8-968B-F298BA7D75B0}"
EndProject
Project("{9A19103F-16F7-4668-BE54-9A1E7A4F7556}") = "QiitaEditorApp.Modules.ModuleName", "QiitaEditorApp\Modules\QiitaEditorApp.Modules.ModuleName\QiitaEditorApp.Modules.ModuleName.csproj", "{A2FED56C-4075-4273-BB7C-6EC18B627EEC}"
EndProject
Project("{2150E333-8FDC-42A3-9474-1A3956D46DE8}") = "Services", "Services", "{F9356F9B-453C-42BF-9836-3E86171D919A}"
EndProject
Project("{9A19103F-16F7-4668-BE54-9A1E7A4F7556}") = "QiitaEditorApp.Services", "QiitaEditorApp\Services\QiitaEditorApp.Services\QiitaEditorApp.Services.csproj", "{0B80FD68-7231-4D41-97DA-E69C03BEE74D}"
EndProject
Project("{9A19103F-16F7-4668-BE54-9A1E7A4F7556}") = "QiitaEditorApp.Services.Interfaces", "QiitaEditorApp\Services\QiitaEditorApp.Services.Interfaces\QiitaEditorApp.Services.Interfaces.csproj", "{A6EAFA44-33D2-4F4B-A359-4164225FB4F2}"
EndProject
Project("{9A19103F-16F7-4668-BE54-9A1E7A4F7556}") = "QiitaEditorApp", "QiitaEditorApp\QiitaEditorApp\QiitaEditorApp.csproj", "{844C74B9-3297-40B6-BA7A-B7C310C5657B}"
EndProject
Project("{9A19103F-16F7-4668-BE54-9A1E7A4F7556}") = "QiitaEditorApp.Core", "QiitaEditorApp\QiitaEditorApp.Core\QiitaEditorApp.Core.csproj", "{6746A103-5593-47B5-9F4E-6709760332D9}"
EndProject
Global
	GlobalSection(SolutionConfigurationPlatforms) = preSolution
		Debug|Any CPU = Debug|Any CPU
		Release|Any CPU = Release|Any CPU
	EndGlobalSection
	GlobalSection(ProjectConfigurationPlatforms) = postSolution
		{4135E08E-331C-418F-A5CC-702E1DB33EAA}.Debug|Any CPU.ActiveCfg = Debug|Any CPU
		{4135E08E-331C-418F-A5CC-702E1DB33EAA}.Debug|Any CPU.Build.0 = Debug|Any CPU
		{4135E08E-331C-418F-A5CC-702E1DB33EAA}.Release|Any CPU.ActiveCfg = Release|Any CPU
		{4135E08E-331C-418F-A5CC-702E1DB33EAA}.Release|Any CPU.Build.0 = Release|Any CPU
		{A2FED56C-4075-4273-BB7C-6EC18B627EEC}.Debug|Any CPU.ActiveCfg = Debug|Any CPU
		{A2FED56C-4075-4273-BB7C-6EC18B627EEC}.Debug|Any CPU.Build.0 = Debug|Any CPU
		{A2FED56C-4075-4273-BB7C-6EC18B627EEC}.Release|Any CPU.ActiveCfg = Release|Any CPU
		{A2FED56C-4075-4273-BB7C-6EC18B627EEC}.Release|Any CPU.Build.0 = Release|Any CPU
		{0B80FD68-7231-4D41-97DA-E69C03BEE74D}.Debug|Any CPU.ActiveCfg = Debug|Any CPU
		{0B80FD68-7231-4D41-97DA-E69C03BEE74D}.Debug|Any CPU.Build.0 = Debug|Any CPU
		{0B80FD68-7231-4D41-97DA-E69C03BEE74D}.Release|Any CPU.ActiveCfg = Release|Any CPU
		{0B80FD68-7231-4D41-97DA-E69C03BEE74D}.Release|Any CPU.Build.0 = Release|Any CPU
		{A6EAFA44-33D2-4F4B-A359-4164225FB4F2}.Debug|Any CPU.ActiveCfg = Debug|Any CPU
		{A6EAFA44-33D2-4F4B-A359-4164225FB4F2}.Debug|Any CPU.Build.0 = Debug|Any CPU
		{A6EAFA44-33D2-4F4B-A359-4164225FB4F2}.Release|Any CPU.ActiveCfg = Release|Any CPU
		{A6EAFA44-33D2-4F4B-A359-4164225FB4F2}.Release|Any CPU.Build.0 = Release|Any CPU
		{844C74B9-3297-40B6-BA7A-B7C310C5657B}.Debug|Any CPU.ActiveCfg = Debug|Any CPU
		{844C74B9-3297-40B6-BA7A-B7C310C5657B}.Debug|Any CPU.Build.0 = Debug|Any CPU
		{844C74B9-3297-40B6-BA7A-B7C310C5657B}.Release|Any CPU.ActiveCfg = Release|Any CPU
		{844C74B9-3297-40B6-BA7A-B7C310C5657B}.Release|Any CPU.Build.0 = Release|Any CPU
		{6746A103-5593-47B5-9F4E-6709760332D9}.Debug|Any CPU.ActiveCfg = Debug|Any CPU
		{6746A103-5593-47B5-9F4E-6709760332D9}.Debug|Any CPU.Build.0 = Debug|Any CPU
		{6746A103-5593-47B5-9F4E-6709760332D9}.Release|Any CPU.ActiveCfg = Release|Any CPU
		{6746A103-5593-47B5-9F4E-6709760332D9}.Release|Any CPU.Build.0 = Release|Any CPU
	EndGlobalSection
	GlobalSection(SolutionProperties) = preSolution
		HideSolutionNode = FALSE
	EndGlobalSection
	GlobalSection(NestedProjects) = preSolution
		{4135E08E-331C-418F-A5CC-702E1DB33EAA} = {28577E8B-1A05-4C54-8AE6-96D74A694445}
		{A2FED56C-4075-4273-BB7C-6EC18B627EEC} = {5D1546CE-3535-45D8-968B-F298BA7D75B0}
		{0B80FD68-7231-4D41-97DA-E69C03BEE74D} = {F9356F9B-453C-42BF-9836-3E86171D919A}
		{A6EAFA44-33D2-4F4B-A359-4164225FB4F2} = {F9356F9B-453C-42BF-9836-3E86171D919A}
	EndGlobalSection
	GlobalSection(ExtensibilityGlobals) = postSolution
		SolutionGuid = {A8841DE9-D816-4B87-9396-7438F06495C0}
	EndGlobalSection
EndGlobal
